<?xml version="1.0" encoding="utf-8"?>
<Project ToolsVersion="4.0" xmlns="http://schemas.microsoft.com/developer/msbuild/2003">
  <ItemGroup>
    <ClCompile Include="Brick.cpp" />
    <ClCompile Include="Game.cpp" />
    <ClCompile Include="Goomba.cpp" />
    <ClCompile Include="Mario.cpp" />
    <ClCompile Include="debug.cpp">
      <Filter>Framework</Filter>
    </ClCompile>
    <ClCompile Include="GameObject.cpp">
      <Filter>Framework</Filter>
    </ClCompile>
    <ClCompile Include="main.cpp">
      <Filter>Framework</Filter>
    </ClCompile>
    <ClCompile Include="Texture.cpp" />
    <ClCompile Include="SpritesManager.cpp">
      <Filter>Framework</Filter>
    </ClCompile>
    <ClCompile Include="Animation.cpp">
      <Filter>Framework</Filter>
    </ClCompile>
    <ClCompile Include="Sprite.cpp" />
    <ClCompile Include="GSprite.cpp">
      <Filter>Framework</Filter>
    </ClCompile>
    <ClCompile Include="GTexture.cpp">
      <Filter>Framework</Filter>
    </ClCompile>
    <ClCompile Include="Simon.cpp" />
  </ItemGroup>
  <ItemGroup>
    <ClInclude Include="Brick.h" />
    <ClInclude Include="Game.h" />
    <ClInclude Include="Goomba.h" />
    <ClInclude Include="Mario.h" />
    <ClInclude Include="debug.h">
      <Filter>Framework</Filter>
    </ClInclude>
    <ClInclude Include="GameObject.h">
      <Filter>Framework</Filter>
    </ClInclude>
    <ClInclude Include="Texture.h" />
    <ClInclude Include="define.h">
      <Filter>Framework\Define</Filter>
    </ClInclude>
    <ClInclude Include="SpritesManager.h">
      <Filter>Framework</Filter>
    </ClInclude>
    <ClInclude Include="Animation.h">
      <Filter>Framework</Filter>
    </ClInclude>
    <ClInclude Include="Sprite.h" />
    <ClInclude Include="GSprite.h">
      <Filter>Framework</Filter>
    </ClInclude>
    <ClInclude Include="GTexture.h">
      <Filter>Framework</Filter>
    </ClInclude>
    <ClInclude Include="Simon.h" />
  </ItemGroup>
  <ItemGroup>
    <Filter Include="Framework">
      <UniqueIdentifier>{59c90432-2e1f-4ef8-a1a8-7f7e46ab8123}</UniqueIdentifier>
    </Filter>
    <Filter Include="Framework\Define">
      <UniqueIdentifier>{a4b56e58-ce8f-4290-a703-10207636f8c2}</UniqueIdentifier>
    </Filter>
    <Filter Include="Player">
      <UniqueIdentifier>{a1462d77-ab06-4dec-9408-86c35e4bab07}</UniqueIdentifier>
    </Filter>
  </ItemGroup>
</Project>